
Microsoft Visual Studio Solution File, Format Version 12.00
# Visual Studio Version 16
VisualStudioVersion = 16.0.30517.126
MinimumVisualStudioVersion = 10.0.40219.1
Project("{9A19103F-16F7-4668-BE54-9A1E7A4F7556}") = "IndexCloner", "IndexCloner.csproj", "{8D9A3CA5-9C35-46BC-B4C3-5B6F2D28B959}"
EndProject
Project("{2150E333-8FDC-42A3-9474-1A3956D46DE8}") = "Solution Items", "Solution Items", "{7951CC24-C22E-49B3-8862-ED1B8565124F}"
	ProjectSection(SolutionItems) = preProject
		ReadMe.md = ReadMe.md
	EndProjectSection
EndProject
Global
	GlobalSection(SolutionConfigurationPlatforms) = preSolution
		Debug|Any CPU = Debug|Any CPU
		Release|Any CPU = Release|Any CPU
	EndGlobalSection
	GlobalSection(ProjectConfigurationPlatforms) = postSolution
		{8D9A3CA5-9C35-46BC-B4C3-5B6F2D28B959}.Debug|Any CPU.ActiveCfg = Debug|Any CPU
		{8D9A3CA5-9C35-46BC-B4C3-5B6F2D28B959}.Debug|Any CPU.Build.0 = Debug|Any CPU
		{8D9A3CA5-9C35-46BC-B4C3-5B6F2D28B959}.Release|Any CPU.ActiveCfg = Release|Any CPU
		{8D9A3CA5-9C35-46BC-B4C3-5B6F2D28B959}.Release|Any CPU.Build.0 = Release|Any CPU
	EndGlobalSection
	GlobalSection(SolutionProperties) = preSolution
		HideSolutionNode = FALSE
	EndGlobalSection
	GlobalSection(ExtensibilityGlobals) = postSolution
		SolutionGuid = {5312E739-547A-4924-B5AD-C9C9E832C67B}
	EndGlobalSection
EndGlobal
